
Microsoft Visual Studio Solution File, Format Version 12.00
# Visual Studio Version 17
VisualStudioVersion = 17.3.32929.385
MinimumVisualStudioVersion = 10.0.40219.1
Project("{FAE04EC0-301F-11D3-BF4B-00C04F79EFBC}") = "StockAPI", "StockAPI.csproj", "{52D09D72-A0EF-4376-83CF-26EB9100F996}"
EndProject
Global
	GlobalSection(SolutionConfigurationPlatforms) = preSolution
		Debug|Any CPU = Debug|Any CPU
		Release|Any CPU = Release|Any CPU
	EndGlobalSection
	GlobalSection(ProjectConfigurationPlatforms) = postSolution
		{52D09D72-A0EF-4376-83CF-26EB9100F996}.Debug|Any CPU.ActiveCfg = Debug|Any CPU
		{52D09D72-A0EF-4376-83CF-26EB9100F996}.Debug|Any CPU.Build.0 = Debug|Any CPU
		{52D09D72-A0EF-4376-83CF-26EB9100F996}.Release|Any CPU.ActiveCfg = Release|Any CPU
		{52D09D72-A0EF-4376-83CF-26EB9100F996}.Release|Any CPU.Build.0 = Release|Any CPU
	EndGlobalSection
	GlobalSection(SolutionProperties) = preSolution
		HideSolutionNode = FALSE
	EndGlobalSection
	GlobalSection(ExtensibilityGlobals) = postSolution
		SolutionGuid = {6DC55D2F-ECE3-4BB9-9FF8-11997C657A72}
	EndGlobalSection
EndGlobal
